cookie@~0.7.2:
  version "0.7.2"
  resolved "https://registry.npmjs.org/cookie/-/cookie-0.7.2.tgz"
  integrity sha512-yki5XnKuf750l50uGTllt6kKILY4nQ1eNIQatoXEByZ5dWgnKqbnqmTrBE5B4N7lrMJKQ2ytWMiTO2o0v6Ew/w==

debug@4, debug@^4.0.0, debug@^4.0.1, debug@^4.1.0, debug@^4.1.1, debug@^4.2.0, debug@^4.3.2, debug@^4.3.3, debug@^4.3.4, debug@~4.3.1, debug@~4.3.2, debug@~4.3.4:
engine.io-client@~6.6.1:
  version "6.6.3"
  resolved "https://registry.npmjs.org/engine.io-client/-/engine.io-client-6.6.3.tgz"
  integrity sha512-T0iLjnyNWahNyv/lcjS2y4oE358tVS/SYQNxYXGAJ9/GLgH4VCvOQ/mhTjqU88mLZCQgiG8RIegFHYCdVC+j5w==
    engine.io-parser "~5.2.1"
    ws "~8.17.1"
    xmlhttprequest-ssl "~2.1.1"
engine.io-parser@~5.2.1:
  version "5.2.3"
  resolved "https://registry.npmjs.org/engine.io-parser/-/engine.io-parser-5.2.3.tgz"
  integrity sha512-HqD3yTBfnBxIrbnM1DoD6Pcq8NECnh8d4As1Qgh0z5Gg3jRRIqijury0CL3ghu/edArpUYiYqQiDUQBIs4np3Q==
engine.io@~6.6.0:
  version "6.6.4"
  resolved "https://registry.npmjs.org/engine.io/-/engine.io-6.6.4.tgz"
  integrity sha512-ZCkIjSYNDyGn0R6ewHDtXgns/Zre/NT6Agvq1/WobF7JXgFff4SeDroKiCO3fNJreU9YG429Sc81o4w5ok/W5g==
    cookie "~0.7.2"
    engine.io-parser "~5.2.1"
    ws "~8.17.1"
  version "2.5.5"
  resolved "https://registry.npmjs.org/socket.io-adapter/-/socket.io-adapter-2.5.5.tgz"
  integrity sha512-eLDQas5dzPgOWCk9GuuJC2lBqItuhKI4uxGgo9aIV7MYbk2h9Q6uULEh8WBzThoI7l+qU9Ast9fVUmkqPP9wYg==
    debug "~4.3.4"
    ws "~8.17.1"
socket.io-client@4.8.1:
  version "4.8.1"
  resolved "https://registry.npmjs.org/socket.io-client/-/socket.io-client-4.8.1.tgz"
  integrity sha512-hJVXfu3E28NmzGk8o1sHhN3om52tRvwYeidbj7xKy2eIIse5IoKX3USlS6Tqt3BHAtflLIkCQBkzVrEEfWUyYQ==
    engine.io-client "~6.6.1"
socket.io@4.8.1:
  version "4.8.1"
  resolved "https://registry.npmjs.org/socket.io/-/socket.io-4.8.1.tgz"
  integrity sha512-oZ7iUCxph8WYRHHcjBEc9unw3adt5CmSNlppj/5Q4k2RIrhl8Z5yY2Xr4j9zj0+wzVZ0bxmYoGSzKJnRl6A4yg==
    engine.io "~6.6.0"
ws@^8.11.0, ws@~8.11.0, ws@~8.17.1:
  version "8.17.1"
  resolved "https://registry.npmjs.org/ws/-/ws-8.17.1.tgz"
  integrity sha512-6XQFvXTkbfUOZOKKILFG1PDK2NDQs4azKQl26T0YS5CxqWLgXajbPZ+h4gZekJyRqFU8pvnbAbbs/3TgRPy+GQ==
xmlhttprequest-ssl@~2.1.1:
  version "2.1.1"
  resolved "https://registry.npmjs.org/xmlhttprequest-ssl/-/xmlhttprequest-ssl-2.1.1.tgz"
  integrity sha512-ptjR8YSJIXoA3Mbv5po7RtSYHO6mZr8s7i5VGmEk7QY2pQWyT1o0N+W1gKbOyJPUCGXGnuw0wqe8f0L6Y0ny7g==
