# THIS IS AN AUTOGENERATED FILE. DO NOT EDIT THIS FILE DIRECTLY.
# yarn lockfile v1


async@^1.5.2:
  version "1.5.2"
  resolved "https://registry.yarnpkg.com/async/-/async-1.5.2.tgz#ec6a61ae56480c0c3cb241c95618e20892f9672a"

axios@^0.17.0:
  version "0.17.0"
  resolved "https://registry.yarnpkg.com/axios/-/axios-0.17.0.tgz#7da747916db803f761651d6091d708789b953c6a"
  dependencies:
    follow-redirects "^1.2.3"
    is-buffer "^1.1.5"

combined-stream@^1.0.5:
  version "1.0.5"
  resolved "https://registry.yarnpkg.com/combined-stream/-/combined-stream-1.0.5.tgz#938370a57b4a51dea2c77c15d5c5fdf895164009"
  dependencies:
    delayed-stream "~1.0.0"

component-emitter@^1.2.0:
  version "1.2.1"
  resolved "https://registry.yarnpkg.com/component-emitter/-/component-emitter-1.2.1.tgz#137918d6d78283f7df7a6b7c5a63e140e69425e6"

cookiejar@^2.0.6:
  version "2.1.1"
  resolved "https://registry.yarnpkg.com/cookiejar/-/cookiejar-2.1.1.tgz#41ad57b1b555951ec171412a81942b1e8200d34a"

core-util-is@~1.0.0:
  version "1.0.2"
  resolved "https://registry.yarnpkg.com/core-util-is/-/core-util-is-1.0.2.tgz#b5fd54220aa2bc5ab57aab7140c940754503c1a7"

cross-fetch@0.0.8:
  version "0.0.8"
  resolved "https://registry.yarnpkg.com/cross-fetch/-/cross-fetch-0.0.8.tgz#01ed94dc407df2c00f1807fde700a7cfa48a205c"
  dependencies:
    node-fetch "1.7.3"
    whatwg-fetch "2.0.3"

debug@^2.2.0, debug@^2.6.9:
  version "2.6.9"
  resolved "https://registry.yarnpkg.com/debug/-/debug-2.6.9.tgz#5d128515df134ff327e90a4c93f4e077a536341f"
  dependencies:
    ms "2.0.0"

delayed-stream@~1.0.0:
  version "1.0.0"
  resolved "https://registry.yarnpkg.com/delayed-stream/-/delayed-stream-1.0.0.tgz#df3ae199acadfb7d440aaae0b29e2272b24ec619"

encoding@^0.1.11:
  version "0.1.12"
  resolved "https://registry.yarnpkg.com/encoding/-/encoding-0.1.12.tgz#538b66f3ee62cd1ab51ec323829d1f9480c74beb"
  dependencies:
    iconv-lite "~0.4.13"

extend@^3.0.0:
  version "3.0.1"
  resolved "https://registry.yarnpkg.com/extend/-/extend-3.0.1.tgz#a755ea7bc1adfcc5a31ce7e762dbaadc5e636444"

extend@~2.0.0:
  version "2.0.1"
  resolved "https://registry.yarnpkg.com/extend/-/extend-2.0.1.tgz#1ee8010689e7395ff9448241c98652bc759a8260"

flat@^4.0.0:
  version "4.0.0"
  resolved "https://registry.yarnpkg.com/flat/-/flat-4.0.0.tgz#3abc7f3b588e64ce77dc42fd59aa35806622fea8"
  dependencies:
    is-buffer "~1.1.5"

follow-redirects@^1.2.3:
  version "1.2.5"
  resolved "https://registry.yarnpkg.com/follow-redirects/-/follow-redirects-1.2.5.tgz#ffd3e14cbdd5eaa72f61b6368c1f68516c2a26cc"
  dependencies:
    debug "^2.6.9"

form-data@1.0.0-rc4:
  version "1.0.0-rc4"
  resolved "https://registry.yarnpkg.com/form-data/-/form-data-1.0.0-rc4.tgz#05ac6bc22227b43e4461f488161554699d4f8b5e"
  dependencies:
    async "^1.5.2"
    combined-stream "^1.0.5"
    mime-types "^2.1.10"

formidable@^1.0.17:
  version "1.1.1"
  resolved "https://registry.yarnpkg.com/formidable/-/formidable-1.1.1.tgz#96b8886f7c3c3508b932d6bd70c4d3a88f35f1a9"

graphql-request@^1.4.0:
  version "1.4.0"
  resolved "https://registry.yarnpkg.com/graphql-request/-/graphql-request-1.4.0.tgz#f5b067c83070296d93fb45760e83dfad0d9f537a"
  dependencies:
    cross-fetch "0.0.8"

iconv-lite@~0.4.13:
  version "0.4.19"
  resolved "https://registry.yarnpkg.com/iconv-lite/-/iconv-lite-0.4.19.tgz#f7468f60135f5e5dad3399c0a81be9a1603a082b"

inherits@~2.0.3:
  version "2.0.3"
  resolved "https://registry.yarnpkg.com/inherits/-/inherits-2.0.3.tgz#633c2c83e3da42a502f52466022480f4208261de"

is-buffer@^1.1.5, is-buffer@~1.1.5:
  version "1.1.6"
  resolved "https://registry.yarnpkg.com/is-buffer/-/is-buffer-1.1.6.tgz#efaa2ea9daa0d7ab2ea13a97b2b8ad51fefbe8be"

is-stream@^1.0.1:
  version "1.1.0"
  resolved "https://registry.yarnpkg.com/is-stream/-/is-stream-1.1.0.tgz#12d4a3dd4e68e0b79ceb8dbc84173ae80d91ca44"

isarray@~1.0.0:
  version "1.0.0"
  resolved "https://registry.yarnpkg.com/isarray/-/isarray-1.0.0.tgz#bb935d48582cba168c06834957a54a3e07124f11"

libhoney@^1.0.0-beta.10:
  version "1.0.0-beta.10"
  resolved "https://registry.yarnpkg.com/libhoney/-/libhoney-1.0.0-beta.10.tgz#5ee682f38fa7ef8103810237d7f94345c6fb5134"
  dependencies:
    superagent "^2.3.0"
    urljoin "^0.1.5"

methods@^1.1.1:
  version "1.1.2"
  resolved "https://registry.yarnpkg.com/methods/-/methods-1.1.2.tgz#5529a4d67654134edcc5266656835b0f851afcee"

mime-db@~1.30.0:
  version "1.30.0"
  resolved "https://registry.yarnpkg.com/mime-db/-/mime-db-1.30.0.tgz#74c643da2dd9d6a45399963465b26d5ca7d71f01"

mime-types@^2.1.10:
  version "2.1.17"
  resolved "https://registry.yarnpkg.com/mime-types/-/mime-types-2.1.17.tgz#09d7a393f03e995a79f8af857b70a9e0ab16557a"
  dependencies:
    mime-db "~1.30.0"

mime@^1.3.4:
  version "1.4.1"
  resolved "https://registry.yarnpkg.com/mime/-/mime-1.4.1.tgz#121f9ebc49e3766f311a76e1fa1c8003c4b03aa6"

ms@2.0.0:
  version "2.0.0"
  resolved "https://registry.yarnpkg.com/ms/-/ms-2.0.0.tgz#5608aeadfc00be6c2901df5f9861788de0d597c8"

node-fetch@1.7.3:
  version "1.7.3"
  resolved "https://registry.yarnpkg.com/node-fetch/-/node-fetch-1.7.3.tgz#980f6f72d85211a5347c6b2bc18c5b84c3eb47ef"
  dependencies:
    encoding "^0.1.11"
    is-stream "^1.0.1"

process-nextick-args@~1.0.6:
  version "1.0.7"
  resolved "https://registry.yarnpkg.com/process-nextick-args/-/process-nextick-args-1.0.7.tgz#150e20b756590ad3f91093f25a4f2ad8bff30ba3"

qs@^6.1.0:
  version "6.5.1"
  resolved "https://registry.yarnpkg.com/qs/-/qs-6.5.1.tgz#349cdf6eef89ec45c12d7d5eb3fc0c870343a6d8"

readable-stream@^2.0.5:
  version "2.3.3"
  resolved "https://registry.yarnpkg.com/readable-stream/-/readable-stream-2.3.3.tgz#368f2512d79f9d46fdfc71349ae7878bbc1eb95c"
  dependencies:
    core-util-is "~1.0.0"
    inherits "~2.0.3"
    isarray "~1.0.0"
    process-nextick-args "~1.0.6"
    safe-buffer "~5.1.1"
    string_decoder "~1.0.3"
    util-deprecate "~1.0.1"

safe-buffer@~5.1.0, safe-buffer@~5.1.1:
  version "5.1.1"
  resolved "https://registry.yarnpkg.com/safe-buffer/-/safe-buffer-5.1.1.tgz#893312af69b2123def71f57889001671eeb2c853"

string_decoder@~1.0.3:
  version "1.0.3"
  resolved "https://registry.yarnpkg.com/string_decoder/-/string_decoder-1.0.3.tgz#0fc67d7c141825de94282dd536bec6b9bce860ab"
  dependencies:
    safe-buffer "~5.1.0"

superagent@^2.3.0:
  version "2.3.0"
  resolved "https://registry.yarnpkg.com/superagent/-/superagent-2.3.0.tgz#703529a0714e57e123959ddefbce193b2e50d115"
  dependencies:
    component-emitter "^1.2.0"
    cookiejar "^2.0.6"
    debug "^2.2.0"
    extend "^3.0.0"
    form-data "1.0.0-rc4"
    formidable "^1.0.17"
    methods "^1.1.1"
    mime "^1.3.4"
    qs "^6.1.0"
    readable-stream "^2.0.5"

urljoin@^0.1.5:
  version "0.1.5"
  resolved "https://registry.yarnpkg.com/urljoin/-/urljoin-0.1.5.tgz#b25d2c6112c55ac9d50096a49a0f1fb7f4f53921"
  dependencies:
    extend "~2.0.0"

util-deprecate@~1.0.1:
  version "1.0.2"
  resolved "https://registry.yarnpkg.com/util-deprecate/-/util-deprecate-1.0.2.tgz#450d4dc9fa70de732762fbd2d4a28981419a0ccf"

whatwg-fetch@2.0.3:
  version "2.0.3"
  resolved "https://registry.yarnpkg.com/whatwg-fetch/-/whatwg-fetch-2.0.3.tgz#9c84ec2dcf68187ff00bc64e1274b442176e1c84"
