# THIS IS AN AUTOGENERATED FILE. DO NOT EDIT THIS FILE DIRECTLY.
# yarn lockfile v1


coffee-react-transform@^5.0.0:
  version "5.0.0"
  resolved "https://registry.yarnpkg.com/coffee-react-transform/-/coffee-react-transform-5.0.0.tgz#b62e8ae1b113fce9b1a5990b06c9bc44651ae9c5"

coffeescript@next:
  version "2.0.0-alpha1"
  resolved "https://registry.yarnpkg.com/coffeescript/-/coffeescript-2.0.0-alpha1.tgz#abf8b54b5c20a9c9f707c8aff35b227d1d6b5e3b"
  dependencies:
    marked "~0.3.6"

marked@~0.3.6:
  version "0.3.6"
  resolved "https://registry.yarnpkg.com/marked/-/marked-0.3.6.tgz#b2c6c618fccece4ef86c4fc6cb8a7cbf5aeda8d7"
