# THIS IS AN AUTOGENERATED FILE. DO NOT EDIT THIS FILE DIRECTLY.
# yarn lockfile v1


axios@^0.16.1:
  version "0.16.1"
  resolved "https://registry.yarnpkg.com/axios/-/axios-0.16.1.tgz#c0b6d26600842384b8f509e57111f0d2df8223ca"
  dependencies:
    follow-redirects "^1.2.3"

bluebird@^3.4.6:
  version "3.5.0"
  resolved "https://registry.yarnpkg.com/bluebird/-/bluebird-3.5.0.tgz#791420d7f551eea2897453a8a77653f96606d67c"

debug@^2.4.5:
  version "2.6.4"
  resolved "https://registry.yarnpkg.com/debug/-/debug-2.6.4.tgz#7586a9b3c39741c0282ae33445c4e8ac74734fe0"
  dependencies:
    ms "0.7.3"

follow-redirects@^1.2.3:
  version "1.2.3"
  resolved "https://registry.yarnpkg.com/follow-redirects/-/follow-redirects-1.2.3.tgz#01abaeca85e3609837d9fcda3167a7e42fdaca21"
  dependencies:
    debug "^2.4.5"

lodash@^4.17.2:
  version "4.17.4"
  resolved "https://registry.yarnpkg.com/lodash/-/lodash-4.17.4.tgz#78203a4d1c328ae1d86dca6460e369b57f4055ae"

ms@0.7.3:
  version "0.7.3"
  resolved "https://registry.yarnpkg.com/ms/-/ms-0.7.3.tgz#708155a5e44e33f5fd0fc53e81d0d40a91be1fff"
