# THIS IS AN AUTOGENERATED FILE. DO NOT EDIT THIS FILE DIRECTLY.
# yarn lockfile v1


graphql-relay@^0.4.4:
  version "0.4.4"
  resolved "https://registry.yarnpkg.com/graphql-relay/-/graphql-relay-0.4.4.tgz#876a654445b6af4539f81cb9befd5cd7ead129dd"

graphql@^0.8.2:
  version "0.8.2"
  resolved "https://registry.yarnpkg.com/graphql/-/graphql-0.8.2.tgz#eb1bb524b38104bbf2c9157f9abc67db2feba7d2"
  dependencies:
    iterall "1.0.2"

iterall@1.0.2:
  version "1.0.2"
  resolved "https://registry.yarnpkg.com/iterall/-/iterall-1.0.2.tgz#41a2e96ce9eda5e61c767ee5dc312373bb046e91"
